
Microsoft Visual Studio Solution File, Format Version 12.00
# Visual Studio Version 16
VisualStudioVersion = 16.0.30320.27
MinimumVisualStudioVersion = 10.0.40219.1
Project("{FAE04EC0-301F-11D3-BF4B-00C04F79EFBC}") = "behavior.UWP", "behavior\behavior.UWP\behavior.UWP.csproj", "{8353D1D2-6FAC-4620-B321-D144D7CECD00}"
EndProject
Project("{FAE04EC0-301F-11D3-BF4B-00C04F79EFBC}") = "behavior.Android", "behavior\behavior.Android\behavior.Android.csproj", "{3DF74CA4-130C-4060-8DD6-9F9149FED29C}"
EndProject
Project("{FAE04EC0-301F-11D3-BF4B-00C04F79EFBC}") = "behavior.iOS", "behavior\behavior.iOS\behavior.iOS.csproj", "{F2D47F61-DE5D-4467-B8BC-F5E9DBB2758E}"
EndProject
Project("{FAE04EC0-301F-11D3-BF4B-00C04F79EFBC}") = "behavior", "behavior\behavior\behavior.csproj", "{B9CAF929-8D0C-404A-8B63-980E74CBFDBA}"
EndProject
Global
	GlobalSection(SolutionConfigurationPlatforms) = preSolution
		Debug|Any CPU = Debug|Any CPU
		Debug|ARM = Debug|ARM
		Debug|iPhone = Debug|iPhone
		Debug|iPhoneSimulator = Debug|iPhoneSimulator
		Debug|x64 = Debug|x64
		Debug|x86 = Debug|x86
		Release|Any CPU = Release|Any CPU
		Release|ARM = Release|ARM
		Release|iPhone = Release|iPhone
		Release|iPhoneSimulator = Release|iPhoneSimulator
		Release|x64 = Release|x64
		Release|x86 = Release|x86
	EndGlobalSection
	GlobalSection(ProjectConfigurationPlatforms) = postSolution
		{8353D1D2-6FAC-4620-B321-D144D7CECD00}.Debug|Any CPU.ActiveCfg = Debug|x86
		{8353D1D2-6FAC-4620-B321-D144D7CECD00}.Debug|Any CPU.Build.0 = Debug|x86
		{8353D1D2-6FAC-4620-B321-D144D7CECD00}.Debug|Any CPU.Deploy.0 = Debug|x86
		{8353D1D2-6FAC-4620-B321-D144D7CECD00}.Debug|ARM.ActiveCfg = Debug|ARM
		{8353D1D2-6FAC-4620-B321-D144D7CECD00}.Debug|ARM.Build.0 = Debug|ARM
		{8353D1D2-6FAC-4620-B321-D144D7CECD00}.Debug|ARM.Deploy.0 = Debug|ARM
		{8353D1D2-6FAC-4620-B321-D144D7CECD00}.Debug|iPhone.ActiveCfg = Debug|x86
		{8353D1D2-6FAC-4620-B321-D144D7CECD00}.Debug|iPhone.Build.0 = Debug|x86
		{8353D1D2-6FAC-4620-B321-D144D7CECD00}.Debug|iPhone.Deploy.0 = Debug|x86
		{8353D1D2-6FAC-4620-B321-D144D7CECD00}.Debug|iPhoneSimulator.ActiveCfg = Debug|x86
		{8353D1D2-6FAC-4620-B321-D144D7CECD00}.Debug|iPhoneSimulator.Build.0 = Debug|x86
		{8353D1D2-6FAC-4620-B321-D144D7CECD00}.Debug|iPhoneSimulator.Deploy.0 = Debug|x86
		{8353D1D2-6FAC-4620-B321-D144D7CECD00}.Debug|x64.ActiveCfg = Debug|x64
		{8353D1D2-6FAC-4620-B321-D144D7CECD00}.Debug|x64.Build.0 = Debug|x64
		{8353D1D2-6FAC-4620-B321-D144D7CECD00}.Debug|x64.Deploy.0 = Debug|x64
		{8353D1D2-6FAC-4620-B321-D144D7CECD00}.Debug|x86.ActiveCfg = Debug|x86
		{8353D1D2-6FAC-4620-B321-D144D7CECD00}.Debug|x86.Build.0 = Debug|x86
		{8353D1D2-6FAC-4620-B321-D144D7CECD00}.Debug|x86.Deploy.0 = Debug|x86
		{8353D1D2-6FAC-4620-B321-D144D7CECD00}.Release|Any CPU.ActiveCfg = Release|x86
		{8353D1D2-6FAC-4620-B321-D144D7CECD00}.Release|Any CPU.Build.0 = Release|x86
		{8353D1D2-6FAC-4620-B321-D144D7CECD00}.Release|Any CPU.Deploy.0 = Release|x86
		{8353D1D2-6FAC-4620-B321-D144D7CECD00}.Release|ARM.ActiveCfg = Release|ARM
		{8353D1D2-6FAC-4620-B321-D144D7CECD00}.Release|ARM.Build.0 = Release|ARM
		{8353D1D2-6FAC-4620-B321-D144D7CECD00}.Release|ARM.Deploy.0 = Release|ARM
		{8353D1D2-6FAC-4620-B321-D144D7CECD00}.Release|iPhone.ActiveCfg = Release|x86
		{8353D1D2-6FAC-4620-B321-D144D7CECD00}.Release|iPhone.Build.0 = Release|x86
		{8353D1D2-6FAC-4620-B321-D144D7CECD00}.Release|iPhone.Deploy.0 = Release|x86
		{8353D1D2-6FAC-4620-B321-D144D7CECD00}.Release|iPhoneSimulator.ActiveCfg = Release|x86
		{8353D1D2-6FAC-4620-B321-D144D7CECD00}.Release|iPhoneSimulator.Build.0 = Release|x86
		{8353D1D2-6FAC-4620-B321-D144D7CECD00}.Release|iPhoneSimulator.Deploy.0 = Release|x86
		{8353D1D2-6FAC-4620-B321-D144D7CECD00}.Release|x64.ActiveCfg = Release|x64
		{8353D1D2-6FAC-4620-B321-D144D7CECD00}.Release|x64.Build.0 = Release|x64
		{8353D1D2-6FAC-4620-B321-D144D7CECD00}.Release|x64.Deploy.0 = Release|x64
		{8353D1D2-6FAC-4620-B321-D144D7CECD00}.Release|x86.ActiveCfg = Release|x86
		{8353D1D2-6FAC-4620-B321-D144D7CECD00}.Release|x86.Build.0 = Release|x86
		{8353D1D2-6FAC-4620-B321-D144D7CECD00}.Release|x86.Deploy.0 = Release|x86
		{3DF74CA4-130C-4060-8DD6-9F9149FED29C}.Debug|Any CPU.ActiveCfg = Debug|Any CPU
		{3DF74CA4-130C-4060-8DD6-9F9149FED29C}.Debug|Any CPU.Build.0 = Debug|Any CPU
		{3DF74CA4-130C-4060-8DD6-9F9149FED29C}.Debug|Any CPU.Deploy.0 = Debug|Any CPU
		{3DF74CA4-130C-4060-8DD6-9F9149FED29C}.Debug|ARM.ActiveCfg = Debug|Any CPU
		{3DF74CA4-130C-4060-8DD6-9F9149FED29C}.Debug|ARM.Build.0 = Debug|Any CPU
		{3DF74CA4-130C-4060-8DD6-9F9149FED29C}.Debug|ARM.Deploy.0 = Debug|Any CPU
		{3DF74CA4-130C-4060-8DD6-9F9149FED29C}.Debug|iPhone.ActiveCfg = Debug|Any CPU
		{3DF74CA4-130C-4060-8DD6-9F9149FED29C}.Debug|iPhone.Build.0 = Debug|Any CPU
		{3DF74CA4-130C-4060-8DD6-9F9149FED29C}.Debug|iPhone.Deploy.0 = Debug|Any CPU
		{3DF74CA4-130C-4060-8DD6-9F9149FED29C}.Debug|iPhoneSimulator.ActiveCfg = Debug|Any CPU
		{3DF74CA4-130C-4060-8DD6-9F9149FED29C}.Debug|iPhoneSimulator.Build.0 = Debug|Any CPU
		{3DF74CA4-130C-4060-8DD6-9F9149FED29C}.Debug|iPhoneSimulator.Deploy.0 = Debug|Any CPU
		{3DF74CA4-130C-4060-8DD6-9F9149FED29C}.Debug|x64.ActiveCfg = Debug|Any CPU
		{3DF74CA4-130C-4060-8DD6-9F9149FED29C}.Debug|x64.Build.0 = Debug|Any CPU
		{3DF74CA4-130C-4060-8DD6-9F9149FED29C}.Debug|x64.Deploy.0 = Debug|Any CPU
		{3DF74CA4-130C-4060-8DD6-9F9149FED29C}.Debug|x86.ActiveCfg = Debug|Any CPU
		{3DF74CA4-130C-4060-8DD6-9F9149FED29C}.Debug|x86.Build.0 = Debug|Any CPU
		{3DF74CA4-130C-4060-8DD6-9F9149FED29C}.Debug|x86.Deploy.0 = Debug|Any CPU
		{3DF74CA4-130C-4060-8DD6-9F9149FED29C}.Release|Any CPU.ActiveCfg = Release|Any CPU
		{3DF74CA4-130C-4060-8DD6-9F9149FED29C}.Release|Any CPU.Build.0 = Release|Any CPU
		{3DF74CA4-130C-4060-8DD6-9F9149FED29C}.Release|Any CPU.Deploy.0 = Release|Any CPU
		{3DF74CA4-130C-4060-8DD6-9F9149FED29C}.Release|ARM.ActiveCfg = Release|Any CPU
		{3DF74CA4-130C-4060-8DD6-9F9149FED29C}.Release|ARM.Build.0 = Release|Any CPU
		{3DF74CA4-130C-4060-8DD6-9F9149FED29C}.Release|ARM.Deploy.0 = Release|Any CPU
		{3DF74CA4-130C-4060-8DD6-9F9149FED29C}.Release|iPhone.ActiveCfg = Release|Any CPU
		{3DF74CA4-130C-4060-8DD6-9F9149FED29C}.Release|iPhone.Build.0 = Release|Any CPU
		{3DF74CA4-130C-4060-8DD6-9F9149FED29C}.Release|iPhone.Deploy.0 = Release|Any CPU
		{3DF74CA4-130C-4060-8DD6-9F9149FED29C}.Release|iPhoneSimulator.ActiveCfg = Release|Any CPU
		{3DF74CA4-130C-4060-8DD6-9F9149FED29C}.Release|iPhoneSimulator.Build.0 = Release|Any CPU
		{3DF74CA4-130C-4060-8DD6-9F9149FED29C}.Release|iPhoneSimulator.Deploy.0 = Release|Any CPU
		{3DF74CA4-130C-4060-8DD6-9F9149FED29C}.Release|x64.ActiveCfg = Release|Any CPU
		{3DF74CA4-130C-4060-8DD6-9F9149FED29C}.Release|x64.Build.0 = Release|Any CPU
		{3DF74CA4-130C-4060-8DD6-9F9149FED29C}.Release|x64.Deploy.0 = Release|Any CPU
		{3DF74CA4-130C-4060-8DD6-9F9149FED29C}.Release|x86.ActiveCfg = Release|Any CPU
		{3DF74CA4-130C-4060-8DD6-9F9149FED29C}.Release|x86.Build.0 = Release|Any CPU
		{3DF74CA4-130C-4060-8DD6-9F9149FED29C}.Release|x86.Deploy.0 = Release|Any CPU
		{F2D47F61-DE5D-4467-B8BC-F5E9DBB2758E}.Debug|Any CPU.ActiveCfg = Debug|iPhone
		{F2D47F61-DE5D-4467-B8BC-F5E9DBB2758E}.Debug|Any CPU.Build.0 = Debug|iPhone
		{F2D47F61-DE5D-4467-B8BC-F5E9DBB2758E}.Debug|Any CPU.Deploy.0 = Debug|iPhone
		{F2D47F61-DE5D-4467-B8BC-F5E9DBB2758E}.Debug|ARM.ActiveCfg = Debug|iPhone
		{F2D47F61-DE5D-4467-B8BC-F5E9DBB2758E}.Debug|ARM.Build.0 = Debug|iPhone
		{F2D47F61-DE5D-4467-B8BC-F5E9DBB2758E}.Debug|ARM.Deploy.0 = Debug|iPhone
		{F2D47F61-DE5D-4467-B8BC-F5E9DBB2758E}.Debug|iPhone.ActiveCfg = Debug|iPhone
		{F2D47F61-DE5D-4467-B8BC-F5E9DBB2758E}.Debug|iPhone.Build.0 = Debug|iPhone
		{F2D47F61-DE5D-4467-B8BC-F5E9DBB2758E}.Debug|iPhone.Deploy.0 = Debug|iPhone
		{F2D47F61-DE5D-4467-B8BC-F5E9DBB2758E}.Debug|iPhoneSimulator.ActiveCfg = Debug|iPhoneSimulator
		{F2D47F61-DE5D-4467-B8BC-F5E9DBB2758E}.Debug|iPhoneSimulator.Build.0 = Debug|iPhoneSimulator
		{F2D47F61-DE5D-4467-B8BC-F5E9DBB2758E}.Debug|iPhoneSimulator.Deploy.0 = Debug|iPhoneSimulator
		{F2D47F61-DE5D-4467-B8BC-F5E9DBB2758E}.Debug|x64.ActiveCfg = Debug|iPhone
		{F2D47F61-DE5D-4467-B8BC-F5E9DBB2758E}.Debug|x64.Build.0 = Debug|iPhone
		{F2D47F61-DE5D-4467-B8BC-F5E9DBB2758E}.Debug|x64.Deploy.0 = Debug|iPhone
		{F2D47F61-DE5D-4467-B8BC-F5E9DBB2758E}.Debug|x86.ActiveCfg = Debug|iPhone
		{F2D47F61-DE5D-4467-B8BC-F5E9DBB2758E}.Debug|x86.Build.0 = Debug|iPhone
		{F2D47F61-DE5D-4467-B8BC-F5E9DBB2758E}.Debug|x86.Deploy.0 = Debug|iPhone
		{F2D47F61-DE5D-4467-B8BC-F5E9DBB2758E}.Release|Any CPU.ActiveCfg = Release|iPhone
		{F2D47F61-DE5D-4467-B8BC-F5E9DBB2758E}.Release|Any CPU.Build.0 = Release|iPhone
		{F2D47F61-DE5D-4467-B8BC-F5E9DBB2758E}.Release|Any CPU.Deploy.0 = Release|iPhone
		{F2D47F61-DE5D-4467-B8BC-F5E9DBB2758E}.Release|ARM.ActiveCfg = Release|iPhone
		{F2D47F61-DE5D-4467-B8BC-F5E9DBB2758E}.Release|ARM.Build.0 = Release|iPhone
		{F2D47F61-DE5D-4467-B8BC-F5E9DBB2758E}.Release|ARM.Deploy.0 = Release|iPhone
		{F2D47F61-DE5D-4467-B8BC-F5E9DBB2758E}.Release|iPhone.ActiveCfg = Release|iPhone
		{F2D47F61-DE5D-4467-B8BC-F5E9DBB2758E}.Release|iPhone.Build.0 = Release|iPhone
		{F2D47F61-DE5D-4467-B8BC-F5E9DBB2758E}.Release|iPhone.Deploy.0 = Release|iPhone
		{F2D47F61-DE5D-4467-B8BC-F5E9DBB2758E}.Release|iPhoneSimulator.ActiveCfg = Release|iPhoneSimulator
		{F2D47F61-DE5D-4467-B8BC-F5E9DBB2758E}.Release|iPhoneSimulator.Build.0 = Release|iPhoneSimulator
		{F2D47F61-DE5D-4467-B8BC-F5E9DBB2758E}.Release|iPhoneSimulator.Deploy.0 = Release|iPhoneSimulator
		{F2D47F61-DE5D-4467-B8BC-F5E9DBB2758E}.Release|x64.ActiveCfg = Release|iPhone
		{F2D47F61-DE5D-4467-B8BC-F5E9DBB2758E}.Release|x64.Build.0 = Release|iPhone
		{F2D47F61-DE5D-4467-B8BC-F5E9DBB2758E}.Release|x64.Deploy.0 = Release|iPhone
		{F2D47F61-DE5D-4467-B8BC-F5E9DBB2758E}.Release|x86.ActiveCfg = Release|iPhone
		{F2D47F61-DE5D-4467-B8BC-F5E9DBB2758E}.Release|x86.Build.0 = Release|iPhone
		{F2D47F61-DE5D-4467-B8BC-F5E9DBB2758E}.Release|x86.Deploy.0 = Release|iPhone
		{B9CAF929-8D0C-404A-8B63-980E74CBFDBA}.Debug|Any CPU.ActiveCfg = Debug|Any CPU
		{B9CAF929-8D0C-404A-8B63-980E74CBFDBA}.Debug|Any CPU.Build.0 = Debug|Any CPU
		{B9CAF929-8D0C-404A-8B63-980E74CBFDBA}.Debug|Any CPU.Deploy.0 = Debug|Any CPU
		{B9CAF929-8D0C-404A-8B63-980E74CBFDBA}.Debug|ARM.ActiveCfg = Debug|Any CPU
		{B9CAF929-8D0C-404A-8B63-980E74CBFDBA}.Debug|ARM.Build.0 = Debug|Any CPU
		{B9CAF929-8D0C-404A-8B63-980E74CBFDBA}.Debug|ARM.Deploy.0 = Debug|Any CPU
		{B9CAF929-8D0C-404A-8B63-980E74CBFDBA}.Debug|iPhone.ActiveCfg = Debug|Any CPU
		{B9CAF929-8D0C-404A-8B63-980E74CBFDBA}.Debug|iPhone.Build.0 = Debug|Any CPU
		{B9CAF929-8D0C-404A-8B63-980E74CBFDBA}.Debug|iPhone.Deploy.0 = Debug|Any CPU
		{B9CAF929-8D0C-404A-8B63-980E74CBFDBA}.Debug|iPhoneSimulator.ActiveCfg = Debug|Any CPU
		{B9CAF929-8D0C-404A-8B63-980E74CBFDBA}.Debug|iPhoneSimulator.Build.0 = Debug|Any CPU
		{B9CAF929-8D0C-404A-8B63-980E74CBFDBA}.Debug|iPhoneSimulator.Deploy.0 = Debug|Any CPU
		{B9CAF929-8D0C-404A-8B63-980E74CBFDBA}.Debug|x64.ActiveCfg = Debug|Any CPU
		{B9CAF929-8D0C-404A-8B63-980E74CBFDBA}.Debug|x64.Build.0 = Debug|Any CPU
		{B9CAF929-8D0C-404A-8B63-980E74CBFDBA}.Debug|x64.Deploy.0 = Debug|Any CPU
		{B9CAF929-8D0C-404A-8B63-980E74CBFDBA}.Debug|x86.ActiveCfg = Debug|Any CPU
		{B9CAF929-8D0C-404A-8B63-980E74CBFDBA}.Debug|x86.Build.0 = Debug|Any CPU
		{B9CAF929-8D0C-404A-8B63-980E74CBFDBA}.Debug|x86.Deploy.0 = Debug|Any CPU
		{B9CAF929-8D0C-404A-8B63-980E74CBFDBA}.Release|Any CPU.ActiveCfg = Release|Any CPU
		{B9CAF929-8D0C-404A-8B63-980E74CBFDBA}.Release|Any CPU.Build.0 = Release|Any CPU
		{B9CAF929-8D0C-404A-8B63-980E74CBFDBA}.Release|Any CPU.Deploy.0 = Release|Any CPU
		{B9CAF929-8D0C-404A-8B63-980E74CBFDBA}.Release|ARM.ActiveCfg = Release|Any CPU
		{B9CAF929-8D0C-404A-8B63-980E74CBFDBA}.Release|ARM.Build.0 = Release|Any CPU
		{B9CAF929-8D0C-404A-8B63-980E74CBFDBA}.Release|ARM.Deploy.0 = Release|Any CPU
		{B9CAF929-8D0C-404A-8B63-980E74CBFDBA}.Release|iPhone.ActiveCfg = Release|Any CPU
		{B9CAF929-8D0C-404A-8B63-980E74CBFDBA}.Release|iPhone.Build.0 = Release|Any CPU
		{B9CAF929-8D0C-404A-8B63-980E74CBFDBA}.Release|iPhone.Deploy.0 = Release|Any CPU
		{B9CAF929-8D0C-404A-8B63-980E74CBFDBA}.Release|iPhoneSimulator.ActiveCfg = Release|Any CPU
		{B9CAF929-8D0C-404A-8B63-980E74CBFDBA}.Release|iPhoneSimulator.Build.0 = Release|Any CPU
		{B9CAF929-8D0C-404A-8B63-980E74CBFDBA}.Release|iPhoneSimulator.Deploy.0 = Release|Any CPU
		{B9CAF929-8D0C-404A-8B63-980E74CBFDBA}.Release|x64.ActiveCfg = Release|Any CPU
		{B9CAF929-8D0C-404A-8B63-980E74CBFDBA}.Release|x64.Build.0 = Release|Any CPU
		{B9CAF929-8D0C-404A-8B63-980E74CBFDBA}.Release|x64.Deploy.0 = Release|Any CPU
		{B9CAF929-8D0C-404A-8B63-980E74CBFDBA}.Release|x86.ActiveCfg = Release|Any CPU
		{B9CAF929-8D0C-404A-8B63-980E74CBFDBA}.Release|x86.Build.0 = Release|Any CPU
		{B9CAF929-8D0C-404A-8B63-980E74CBFDBA}.Release|x86.Deploy.0 = Release|Any CPU
	EndGlobalSection
	GlobalSection(SolutionProperties) = preSolution
		HideSolutionNode = FALSE
	EndGlobalSection
	GlobalSection(ExtensibilityGlobals) = postSolution
		SolutionGuid = {3C084CCA-F8B0-426F-A862-1BB8A1F49D14}
	EndGlobalSection
EndGlobal
