
Microsoft Visual Studio Solution File, Format Version 12.00
# Visual Studio Version 16
VisualStudioVersion = 16.0.31321.278
MinimumVisualStudioVersion = 10.0.40219.1
Project("{FAE04EC0-301F-11D3-BF4B-00C04F79EFBC}") = "DragDropView.Android", "DragDropView\DragDropView.Android\DragDropView.Android.csproj", "{35CB42E7-8215-49E1-BC32-954971F7EA6F}"
EndProject
Project("{FAE04EC0-301F-11D3-BF4B-00C04F79EFBC}") = "DragDropView.iOS", "DragDropView\DragDropView.iOS\DragDropView.iOS.csproj", "{1108FC52-FB80-4BF7-A102-021C0EE23C00}"
EndProject
Project("{FAE04EC0-301F-11D3-BF4B-00C04F79EFBC}") = "DragDropView", "DragDropView\DragDropView\DragDropView.csproj", "{FE350D46-AC75-4097-91D0-4CD957070EAE}"
EndProject
Global
	GlobalSection(SolutionConfigurationPlatforms) = preSolution
		Debug|Any CPU = Debug|Any CPU
		Debug|iPhone = Debug|iPhone
		Debug|iPhoneSimulator = Debug|iPhoneSimulator
		Release|Any CPU = Release|Any CPU
		Release|iPhone = Release|iPhone
		Release|iPhoneSimulator = Release|iPhoneSimulator
	EndGlobalSection
	GlobalSection(ProjectConfigurationPlatforms) = postSolution
		{35CB42E7-8215-49E1-BC32-954971F7EA6F}.Debug|Any CPU.ActiveCfg = Debug|Any CPU
		{35CB42E7-8215-49E1-BC32-954971F7EA6F}.Debug|Any CPU.Build.0 = Debug|Any CPU
		{35CB42E7-8215-49E1-BC32-954971F7EA6F}.Debug|Any CPU.Deploy.0 = Debug|Any CPU
		{35CB42E7-8215-49E1-BC32-954971F7EA6F}.Debug|iPhone.ActiveCfg = Debug|Any CPU
		{35CB42E7-8215-49E1-BC32-954971F7EA6F}.Debug|iPhone.Build.0 = Debug|Any CPU
		{35CB42E7-8215-49E1-BC32-954971F7EA6F}.Debug|iPhone.Deploy.0 = Debug|Any CPU
		{35CB42E7-8215-49E1-BC32-954971F7EA6F}.Debug|iPhoneSimulator.ActiveCfg = Debug|Any CPU
		{35CB42E7-8215-49E1-BC32-954971F7EA6F}.Debug|iPhoneSimulator.Build.0 = Debug|Any CPU
		{35CB42E7-8215-49E1-BC32-954971F7EA6F}.Debug|iPhoneSimulator.Deploy.0 = Debug|Any CPU
		{35CB42E7-8215-49E1-BC32-954971F7EA6F}.Release|Any CPU.ActiveCfg = Release|Any CPU
		{35CB42E7-8215-49E1-BC32-954971F7EA6F}.Release|Any CPU.Build.0 = Release|Any CPU
		{35CB42E7-8215-49E1-BC32-954971F7EA6F}.Release|Any CPU.Deploy.0 = Release|Any CPU
		{35CB42E7-8215-49E1-BC32-954971F7EA6F}.Release|iPhone.ActiveCfg = Release|Any CPU
		{35CB42E7-8215-49E1-BC32-954971F7EA6F}.Release|iPhone.Build.0 = Release|Any CPU
		{35CB42E7-8215-49E1-BC32-954971F7EA6F}.Release|iPhone.Deploy.0 = Release|Any CPU
		{35CB42E7-8215-49E1-BC32-954971F7EA6F}.Release|iPhoneSimulator.ActiveCfg = Release|Any CPU
		{35CB42E7-8215-49E1-BC32-954971F7EA6F}.Release|iPhoneSimulator.Build.0 = Release|Any CPU
		{35CB42E7-8215-49E1-BC32-954971F7EA6F}.Release|iPhoneSimulator.Deploy.0 = Release|Any CPU
		{1108FC52-FB80-4BF7-A102-021C0EE23C00}.Debug|Any CPU.ActiveCfg = Debug|iPhone
		{1108FC52-FB80-4BF7-A102-021C0EE23C00}.Debug|Any CPU.Build.0 = Debug|iPhone
		{1108FC52-FB80-4BF7-A102-021C0EE23C00}.Debug|Any CPU.Deploy.0 = Debug|iPhone
		{1108FC52-FB80-4BF7-A102-021C0EE23C00}.Debug|iPhone.ActiveCfg = Debug|iPhone
		{1108FC52-FB80-4BF7-A102-021C0EE23C00}.Debug|iPhone.Build.0 = Debug|iPhone
		{1108FC52-FB80-4BF7-A102-021C0EE23C00}.Debug|iPhone.Deploy.0 = Debug|iPhone
		{1108FC52-FB80-4BF7-A102-021C0EE23C00}.Debug|iPhoneSimulator.ActiveCfg = Debug|iPhoneSimulator
		{1108FC52-FB80-4BF7-A102-021C0EE23C00}.Debug|iPhoneSimulator.Build.0 = Debug|iPhoneSimulator
		{1108FC52-FB80-4BF7-A102-021C0EE23C00}.Debug|iPhoneSimulator.Deploy.0 = Debug|iPhoneSimulator
		{1108FC52-FB80-4BF7-A102-021C0EE23C00}.Release|Any CPU.ActiveCfg = Release|iPhoneSimulator
		{1108FC52-FB80-4BF7-A102-021C0EE23C00}.Release|Any CPU.Build.0 = Release|iPhoneSimulator
		{1108FC52-FB80-4BF7-A102-021C0EE23C00}.Release|Any CPU.Deploy.0 = Release|iPhoneSimulator
		{1108FC52-FB80-4BF7-A102-021C0EE23C00}.Release|iPhone.ActiveCfg = Release|iPhone
		{1108FC52-FB80-4BF7-A102-021C0EE23C00}.Release|iPhone.Build.0 = Release|iPhone
		{1108FC52-FB80-4BF7-A102-021C0EE23C00}.Release|iPhone.Deploy.0 = Release|iPhone
		{1108FC52-FB80-4BF7-A102-021C0EE23C00}.Release|iPhoneSimulator.ActiveCfg = Release|iPhoneSimulator
		{1108FC52-FB80-4BF7-A102-021C0EE23C00}.Release|iPhoneSimulator.Build.0 = Release|iPhoneSimulator
		{1108FC52-FB80-4BF7-A102-021C0EE23C00}.Release|iPhoneSimulator.Deploy.0 = Release|iPhoneSimulator
		{FE350D46-AC75-4097-91D0-4CD957070EAE}.Debug|Any CPU.ActiveCfg = Debug|Any CPU
		{FE350D46-AC75-4097-91D0-4CD957070EAE}.Debug|Any CPU.Build.0 = Debug|Any CPU
		{FE350D46-AC75-4097-91D0-4CD957070EAE}.Debug|Any CPU.Deploy.0 = Debug|Any CPU
		{FE350D46-AC75-4097-91D0-4CD957070EAE}.Debug|iPhone.ActiveCfg = Debug|Any CPU
		{FE350D46-AC75-4097-91D0-4CD957070EAE}.Debug|iPhone.Build.0 = Debug|Any CPU
		{FE350D46-AC75-4097-91D0-4CD957070EAE}.Debug|iPhone.Deploy.0 = Debug|Any CPU
		{FE350D46-AC75-4097-91D0-4CD957070EAE}.Debug|iPhoneSimulator.ActiveCfg = Debug|Any CPU
		{FE350D46-AC75-4097-91D0-4CD957070EAE}.Debug|iPhoneSimulator.Build.0 = Debug|Any CPU
		{FE350D46-AC75-4097-91D0-4CD957070EAE}.Debug|iPhoneSimulator.Deploy.0 = Debug|Any CPU
		{FE350D46-AC75-4097-91D0-4CD957070EAE}.Release|Any CPU.ActiveCfg = Release|Any CPU
		{FE350D46-AC75-4097-91D0-4CD957070EAE}.Release|Any CPU.Build.0 = Release|Any CPU
		{FE350D46-AC75-4097-91D0-4CD957070EAE}.Release|Any CPU.Deploy.0 = Release|Any CPU
		{FE350D46-AC75-4097-91D0-4CD957070EAE}.Release|iPhone.ActiveCfg = Release|Any CPU
		{FE350D46-AC75-4097-91D0-4CD957070EAE}.Release|iPhone.Build.0 = Release|Any CPU
		{FE350D46-AC75-4097-91D0-4CD957070EAE}.Release|iPhone.Deploy.0 = Release|Any CPU
		{FE350D46-AC75-4097-91D0-4CD957070EAE}.Release|iPhoneSimulator.ActiveCfg = Release|Any CPU
		{FE350D46-AC75-4097-91D0-4CD957070EAE}.Release|iPhoneSimulator.Build.0 = Release|Any CPU
		{FE350D46-AC75-4097-91D0-4CD957070EAE}.Release|iPhoneSimulator.Deploy.0 = Release|Any CPU
	EndGlobalSection
	GlobalSection(SolutionProperties) = preSolution
		HideSolutionNode = FALSE
	EndGlobalSection
	GlobalSection(ExtensibilityGlobals) = postSolution
		SolutionGuid = {D4FEC5CA-1733-4E82-ADDD-B517E990F33C}
	EndGlobalSection
EndGlobal
