
Microsoft Visual Studio Solution File, Format Version 12.00
# Visual Studio Version 16
VisualStudioVersion = 16.0.31313.79
MinimumVisualStudioVersion = 10.0.40219.1
Project("{FAE04EC0-301F-11D3-BF4B-00C04F79EFBC}") = "property1.Android", "property1\property1.Android\property1.Android.csproj", "{0E16E98C-641E-4C1A-A6D9-79F79E2B3466}"
EndProject
Project("{FAE04EC0-301F-11D3-BF4B-00C04F79EFBC}") = "property1.iOS", "property1\property1.iOS\property1.iOS.csproj", "{A7FCDDD1-3665-441C-8865-426621176E89}"
EndProject
Project("{FAE04EC0-301F-11D3-BF4B-00C04F79EFBC}") = "property1", "property1\property1\property1.csproj", "{BA2A9BF5-6C0F-4CD4-8CC5-115F472C8D3C}"
EndProject
Global
	GlobalSection(SolutionConfigurationPlatforms) = preSolution
		Debug|Any CPU = Debug|Any CPU
		Debug|iPhone = Debug|iPhone
		Debug|iPhoneSimulator = Debug|iPhoneSimulator
		Release|Any CPU = Release|Any CPU
		Release|iPhone = Release|iPhone
		Release|iPhoneSimulator = Release|iPhoneSimulator
	EndGlobalSection
	GlobalSection(ProjectConfigurationPlatforms) = postSolution
		{0E16E98C-641E-4C1A-A6D9-79F79E2B3466}.Debug|Any CPU.ActiveCfg = Debug|Any CPU
		{0E16E98C-641E-4C1A-A6D9-79F79E2B3466}.Debug|Any CPU.Build.0 = Debug|Any CPU
		{0E16E98C-641E-4C1A-A6D9-79F79E2B3466}.Debug|Any CPU.Deploy.0 = Debug|Any CPU
		{0E16E98C-641E-4C1A-A6D9-79F79E2B3466}.Debug|iPhone.ActiveCfg = Debug|Any CPU
		{0E16E98C-641E-4C1A-A6D9-79F79E2B3466}.Debug|iPhone.Build.0 = Debug|Any CPU
		{0E16E98C-641E-4C1A-A6D9-79F79E2B3466}.Debug|iPhone.Deploy.0 = Debug|Any CPU
		{0E16E98C-641E-4C1A-A6D9-79F79E2B3466}.Debug|iPhoneSimulator.ActiveCfg = Debug|Any CPU
		{0E16E98C-641E-4C1A-A6D9-79F79E2B3466}.Debug|iPhoneSimulator.Build.0 = Debug|Any CPU
		{0E16E98C-641E-4C1A-A6D9-79F79E2B3466}.Debug|iPhoneSimulator.Deploy.0 = Debug|Any CPU
		{0E16E98C-641E-4C1A-A6D9-79F79E2B3466}.Release|Any CPU.ActiveCfg = Release|Any CPU
		{0E16E98C-641E-4C1A-A6D9-79F79E2B3466}.Release|Any CPU.Build.0 = Release|Any CPU
		{0E16E98C-641E-4C1A-A6D9-79F79E2B3466}.Release|Any CPU.Deploy.0 = Release|Any CPU
		{0E16E98C-641E-4C1A-A6D9-79F79E2B3466}.Release|iPhone.ActiveCfg = Release|Any CPU
		{0E16E98C-641E-4C1A-A6D9-79F79E2B3466}.Release|iPhone.Build.0 = Release|Any CPU
		{0E16E98C-641E-4C1A-A6D9-79F79E2B3466}.Release|iPhone.Deploy.0 = Release|Any CPU
		{0E16E98C-641E-4C1A-A6D9-79F79E2B3466}.Release|iPhoneSimulator.ActiveCfg = Release|Any CPU
		{0E16E98C-641E-4C1A-A6D9-79F79E2B3466}.Release|iPhoneSimulator.Build.0 = Release|Any CPU
		{0E16E98C-641E-4C1A-A6D9-79F79E2B3466}.Release|iPhoneSimulator.Deploy.0 = Release|Any CPU
		{A7FCDDD1-3665-441C-8865-426621176E89}.Debug|Any CPU.ActiveCfg = Debug|iPhone
		{A7FCDDD1-3665-441C-8865-426621176E89}.Debug|Any CPU.Build.0 = Debug|iPhone
		{A7FCDDD1-3665-441C-8865-426621176E89}.Debug|Any CPU.Deploy.0 = Debug|iPhone
		{A7FCDDD1-3665-441C-8865-426621176E89}.Debug|iPhone.ActiveCfg = Debug|iPhone
		{A7FCDDD1-3665-441C-8865-426621176E89}.Debug|iPhone.Build.0 = Debug|iPhone
		{A7FCDDD1-3665-441C-8865-426621176E89}.Debug|iPhone.Deploy.0 = Debug|iPhone
		{A7FCDDD1-3665-441C-8865-426621176E89}.Debug|iPhoneSimulator.ActiveCfg = Debug|iPhoneSimulator
		{A7FCDDD1-3665-441C-8865-426621176E89}.Debug|iPhoneSimulator.Build.0 = Debug|iPhoneSimulator
		{A7FCDDD1-3665-441C-8865-426621176E89}.Debug|iPhoneSimulator.Deploy.0 = Debug|iPhoneSimulator
		{A7FCDDD1-3665-441C-8865-426621176E89}.Release|Any CPU.ActiveCfg = Release|iPhoneSimulator
		{A7FCDDD1-3665-441C-8865-426621176E89}.Release|Any CPU.Build.0 = Release|iPhoneSimulator
		{A7FCDDD1-3665-441C-8865-426621176E89}.Release|Any CPU.Deploy.0 = Release|iPhoneSimulator
		{A7FCDDD1-3665-441C-8865-426621176E89}.Release|iPhone.ActiveCfg = Release|iPhone
		{A7FCDDD1-3665-441C-8865-426621176E89}.Release|iPhone.Build.0 = Release|iPhone
		{A7FCDDD1-3665-441C-8865-426621176E89}.Release|iPhone.Deploy.0 = Release|iPhone
		{A7FCDDD1-3665-441C-8865-426621176E89}.Release|iPhoneSimulator.ActiveCfg = Release|iPhoneSimulator
		{A7FCDDD1-3665-441C-8865-426621176E89}.Release|iPhoneSimulator.Build.0 = Release|iPhoneSimulator
		{A7FCDDD1-3665-441C-8865-426621176E89}.Release|iPhoneSimulator.Deploy.0 = Release|iPhoneSimulator
		{BA2A9BF5-6C0F-4CD4-8CC5-115F472C8D3C}.Debug|Any CPU.ActiveCfg = Debug|Any CPU
		{BA2A9BF5-6C0F-4CD4-8CC5-115F472C8D3C}.Debug|Any CPU.Build.0 = Debug|Any CPU
		{BA2A9BF5-6C0F-4CD4-8CC5-115F472C8D3C}.Debug|Any CPU.Deploy.0 = Debug|Any CPU
		{BA2A9BF5-6C0F-4CD4-8CC5-115F472C8D3C}.Debug|iPhone.ActiveCfg = Debug|Any CPU
		{BA2A9BF5-6C0F-4CD4-8CC5-115F472C8D3C}.Debug|iPhone.Build.0 = Debug|Any CPU
		{BA2A9BF5-6C0F-4CD4-8CC5-115F472C8D3C}.Debug|iPhone.Deploy.0 = Debug|Any CPU
		{BA2A9BF5-6C0F-4CD4-8CC5-115F472C8D3C}.Debug|iPhoneSimulator.ActiveCfg = Debug|Any CPU
		{BA2A9BF5-6C0F-4CD4-8CC5-115F472C8D3C}.Debug|iPhoneSimulator.Build.0 = Debug|Any CPU
		{BA2A9BF5-6C0F-4CD4-8CC5-115F472C8D3C}.Debug|iPhoneSimulator.Deploy.0 = Debug|Any CPU
		{BA2A9BF5-6C0F-4CD4-8CC5-115F472C8D3C}.Release|Any CPU.ActiveCfg = Release|Any CPU
		{BA2A9BF5-6C0F-4CD4-8CC5-115F472C8D3C}.Release|Any CPU.Build.0 = Release|Any CPU
		{BA2A9BF5-6C0F-4CD4-8CC5-115F472C8D3C}.Release|Any CPU.Deploy.0 = Release|Any CPU
		{BA2A9BF5-6C0F-4CD4-8CC5-115F472C8D3C}.Release|iPhone.ActiveCfg = Release|Any CPU
		{BA2A9BF5-6C0F-4CD4-8CC5-115F472C8D3C}.Release|iPhone.Build.0 = Release|Any CPU
		{BA2A9BF5-6C0F-4CD4-8CC5-115F472C8D3C}.Release|iPhone.Deploy.0 = Release|Any CPU
		{BA2A9BF5-6C0F-4CD4-8CC5-115F472C8D3C}.Release|iPhoneSimulator.ActiveCfg = Release|Any CPU
		{BA2A9BF5-6C0F-4CD4-8CC5-115F472C8D3C}.Release|iPhoneSimulator.Build.0 = Release|Any CPU
		{BA2A9BF5-6C0F-4CD4-8CC5-115F472C8D3C}.Release|iPhoneSimulator.Deploy.0 = Release|Any CPU
	EndGlobalSection
	GlobalSection(SolutionProperties) = preSolution
		HideSolutionNode = FALSE
	EndGlobalSection
	GlobalSection(ExtensibilityGlobals) = postSolution
		SolutionGuid = {01824815-4E78-4DC9-89A8-3E08D237D489}
	EndGlobalSection
EndGlobal
