
Microsoft Visual Studio Solution File, Format Version 12.00
# Visual Studio Version 16
VisualStudioVersion = 16.0.31321.278
MinimumVisualStudioVersion = 10.0.40219.1
Project("{FAE04EC0-301F-11D3-BF4B-00C04F79EFBC}") = "Swipe.Android", "Swipe\Swipe.Android\Swipe.Android.csproj", "{76DF1DA0-7C92-4EB2-9AA6-CFBAE203B043}"
EndProject
Project("{FAE04EC0-301F-11D3-BF4B-00C04F79EFBC}") = "Swipe.iOS", "Swipe\Swipe.iOS\Swipe.iOS.csproj", "{8EED0E12-A148-4D92-8F06-DA4A79AD96D6}"
EndProject
Project("{FAE04EC0-301F-11D3-BF4B-00C04F79EFBC}") = "Swipe", "Swipe\Swipe\Swipe.csproj", "{5FAEFC48-04AD-4376-BA4A-8A2196E7397C}"
EndProject
Global
	GlobalSection(SolutionConfigurationPlatforms) = preSolution
		Debug|Any CPU = Debug|Any CPU
		Debug|iPhone = Debug|iPhone
		Debug|iPhoneSimulator = Debug|iPhoneSimulator
		Release|Any CPU = Release|Any CPU
		Release|iPhone = Release|iPhone
		Release|iPhoneSimulator = Release|iPhoneSimulator
	EndGlobalSection
	GlobalSection(ProjectConfigurationPlatforms) = postSolution
		{76DF1DA0-7C92-4EB2-9AA6-CFBAE203B043}.Debug|Any CPU.ActiveCfg = Debug|Any CPU
		{76DF1DA0-7C92-4EB2-9AA6-CFBAE203B043}.Debug|Any CPU.Build.0 = Debug|Any CPU
		{76DF1DA0-7C92-4EB2-9AA6-CFBAE203B043}.Debug|Any CPU.Deploy.0 = Debug|Any CPU
		{76DF1DA0-7C92-4EB2-9AA6-CFBAE203B043}.Debug|iPhone.ActiveCfg = Debug|Any CPU
		{76DF1DA0-7C92-4EB2-9AA6-CFBAE203B043}.Debug|iPhone.Build.0 = Debug|Any CPU
		{76DF1DA0-7C92-4EB2-9AA6-CFBAE203B043}.Debug|iPhone.Deploy.0 = Debug|Any CPU
		{76DF1DA0-7C92-4EB2-9AA6-CFBAE203B043}.Debug|iPhoneSimulator.ActiveCfg = Debug|Any CPU
		{76DF1DA0-7C92-4EB2-9AA6-CFBAE203B043}.Debug|iPhoneSimulator.Build.0 = Debug|Any CPU
		{76DF1DA0-7C92-4EB2-9AA6-CFBAE203B043}.Debug|iPhoneSimulator.Deploy.0 = Debug|Any CPU
		{76DF1DA0-7C92-4EB2-9AA6-CFBAE203B043}.Release|Any CPU.ActiveCfg = Release|Any CPU
		{76DF1DA0-7C92-4EB2-9AA6-CFBAE203B043}.Release|Any CPU.Build.0 = Release|Any CPU
		{76DF1DA0-7C92-4EB2-9AA6-CFBAE203B043}.Release|Any CPU.Deploy.0 = Release|Any CPU
		{76DF1DA0-7C92-4EB2-9AA6-CFBAE203B043}.Release|iPhone.ActiveCfg = Release|Any CPU
		{76DF1DA0-7C92-4EB2-9AA6-CFBAE203B043}.Release|iPhone.Build.0 = Release|Any CPU
		{76DF1DA0-7C92-4EB2-9AA6-CFBAE203B043}.Release|iPhone.Deploy.0 = Release|Any CPU
		{76DF1DA0-7C92-4EB2-9AA6-CFBAE203B043}.Release|iPhoneSimulator.ActiveCfg = Release|Any CPU
		{76DF1DA0-7C92-4EB2-9AA6-CFBAE203B043}.Release|iPhoneSimulator.Build.0 = Release|Any CPU
		{76DF1DA0-7C92-4EB2-9AA6-CFBAE203B043}.Release|iPhoneSimulator.Deploy.0 = Release|Any CPU
		{8EED0E12-A148-4D92-8F06-DA4A79AD96D6}.Debug|Any CPU.ActiveCfg = Debug|iPhone
		{8EED0E12-A148-4D92-8F06-DA4A79AD96D6}.Debug|Any CPU.Build.0 = Debug|iPhone
		{8EED0E12-A148-4D92-8F06-DA4A79AD96D6}.Debug|Any CPU.Deploy.0 = Debug|iPhone
		{8EED0E12-A148-4D92-8F06-DA4A79AD96D6}.Debug|iPhone.ActiveCfg = Debug|iPhone
		{8EED0E12-A148-4D92-8F06-DA4A79AD96D6}.Debug|iPhone.Build.0 = Debug|iPhone
		{8EED0E12-A148-4D92-8F06-DA4A79AD96D6}.Debug|iPhone.Deploy.0 = Debug|iPhone
		{8EED0E12-A148-4D92-8F06-DA4A79AD96D6}.Debug|iPhoneSimulator.ActiveCfg = Debug|iPhoneSimulator
		{8EED0E12-A148-4D92-8F06-DA4A79AD96D6}.Debug|iPhoneSimulator.Build.0 = Debug|iPhoneSimulator
		{8EED0E12-A148-4D92-8F06-DA4A79AD96D6}.Debug|iPhoneSimulator.Deploy.0 = Debug|iPhoneSimulator
		{8EED0E12-A148-4D92-8F06-DA4A79AD96D6}.Release|Any CPU.ActiveCfg = Release|iPhoneSimulator
		{8EED0E12-A148-4D92-8F06-DA4A79AD96D6}.Release|Any CPU.Build.0 = Release|iPhoneSimulator
		{8EED0E12-A148-4D92-8F06-DA4A79AD96D6}.Release|Any CPU.Deploy.0 = Release|iPhoneSimulator
		{8EED0E12-A148-4D92-8F06-DA4A79AD96D6}.Release|iPhone.ActiveCfg = Release|iPhone
		{8EED0E12-A148-4D92-8F06-DA4A79AD96D6}.Release|iPhone.Build.0 = Release|iPhone
		{8EED0E12-A148-4D92-8F06-DA4A79AD96D6}.Release|iPhone.Deploy.0 = Release|iPhone
		{8EED0E12-A148-4D92-8F06-DA4A79AD96D6}.Release|iPhoneSimulator.ActiveCfg = Release|iPhoneSimulator
		{8EED0E12-A148-4D92-8F06-DA4A79AD96D6}.Release|iPhoneSimulator.Build.0 = Release|iPhoneSimulator
		{8EED0E12-A148-4D92-8F06-DA4A79AD96D6}.Release|iPhoneSimulator.Deploy.0 = Release|iPhoneSimulator
		{5FAEFC48-04AD-4376-BA4A-8A2196E7397C}.Debug|Any CPU.ActiveCfg = Debug|Any CPU
		{5FAEFC48-04AD-4376-BA4A-8A2196E7397C}.Debug|Any CPU.Build.0 = Debug|Any CPU
		{5FAEFC48-04AD-4376-BA4A-8A2196E7397C}.Debug|Any CPU.Deploy.0 = Debug|Any CPU
		{5FAEFC48-04AD-4376-BA4A-8A2196E7397C}.Debug|iPhone.ActiveCfg = Debug|Any CPU
		{5FAEFC48-04AD-4376-BA4A-8A2196E7397C}.Debug|iPhone.Build.0 = Debug|Any CPU
		{5FAEFC48-04AD-4376-BA4A-8A2196E7397C}.Debug|iPhone.Deploy.0 = Debug|Any CPU
		{5FAEFC48-04AD-4376-BA4A-8A2196E7397C}.Debug|iPhoneSimulator.ActiveCfg = Debug|Any CPU
		{5FAEFC48-04AD-4376-BA4A-8A2196E7397C}.Debug|iPhoneSimulator.Build.0 = Debug|Any CPU
		{5FAEFC48-04AD-4376-BA4A-8A2196E7397C}.Debug|iPhoneSimulator.Deploy.0 = Debug|Any CPU
		{5FAEFC48-04AD-4376-BA4A-8A2196E7397C}.Release|Any CPU.ActiveCfg = Release|Any CPU
		{5FAEFC48-04AD-4376-BA4A-8A2196E7397C}.Release|Any CPU.Build.0 = Release|Any CPU
		{5FAEFC48-04AD-4376-BA4A-8A2196E7397C}.Release|Any CPU.Deploy.0 = Release|Any CPU
		{5FAEFC48-04AD-4376-BA4A-8A2196E7397C}.Release|iPhone.ActiveCfg = Release|Any CPU
		{5FAEFC48-04AD-4376-BA4A-8A2196E7397C}.Release|iPhone.Build.0 = Release|Any CPU
		{5FAEFC48-04AD-4376-BA4A-8A2196E7397C}.Release|iPhone.Deploy.0 = Release|Any CPU
		{5FAEFC48-04AD-4376-BA4A-8A2196E7397C}.Release|iPhoneSimulator.ActiveCfg = Release|Any CPU
		{5FAEFC48-04AD-4376-BA4A-8A2196E7397C}.Release|iPhoneSimulator.Build.0 = Release|Any CPU
		{5FAEFC48-04AD-4376-BA4A-8A2196E7397C}.Release|iPhoneSimulator.Deploy.0 = Release|Any CPU
	EndGlobalSection
	GlobalSection(SolutionProperties) = preSolution
		HideSolutionNode = FALSE
	EndGlobalSection
	GlobalSection(ExtensibilityGlobals) = postSolution
		SolutionGuid = {947536C6-20D4-429C-A66C-BF6706B8EFB2}
	EndGlobalSection
EndGlobal
